{
  "name": "Project",
  "lockfileVersion": 3,
  "requires": true,
  "packages": {
    "": {
      "dependencies": {
        "sweetalert2": "^11.26.19"
      }
    },
    "node_modules/sweetalert2": {
      "version": "11.26.19",
      "resolved": "https://registry.npmjs.org/sweetalert2/-/sweetalert2-11.26.19.tgz",
      "integrity": "sha512-W1yKRcPeM3osaIovnEpYHnuNy/Ko/Y6dYQZgCjnttMt+GTGbh6AYJV6SrZyPW3q1S1Ztpd0qXdx+MhQNgfchmw==",
      "license": "MIT",
      "funding": {
        "type": "individual",
        "url": "https://github.com/sponsors/limonte"
      }
    }
  }
}
